
Microsoft Visual Studio Solution File, Format Version 12.00
# Visual Studio Version 16
VisualStudioVersion = 16.0.32002.261
MinimumVisualStudioVersion = 10.0.40219.1
Project("{FAE04EC0-301F-11D3-BF4B-00C04F79EFBC}") = "Mission-8", "Mission-8.csproj", "{52FB37E7-80EC-472B-A021-82C41C4C3C9E}"
EndProject
Global
	GlobalSection(SolutionConfigurationPlatforms) = preSolution
		Debug|Any CPU = Debug|Any CPU
		Release|Any CPU = Release|Any CPU
	EndGlobalSection
	GlobalSection(ProjectConfigurationPlatforms) = postSolution
		{52FB37E7-80EC-472B-A021-82C41C4C3C9E}.Debug|Any CPU.ActiveCfg = Debug|Any CPU
		{52FB37E7-80EC-472B-A021-82C41C4C3C9E}.Debug|Any CPU.Build.0 = Debug|Any CPU
		{52FB37E7-80EC-472B-A021-82C41C4C3C9E}.Release|Any CPU.ActiveCfg = Release|Any CPU
		{52FB37E7-80EC-472B-A021-82C41C4C3C9E}.Release|Any CPU.Build.0 = Release|Any CPU
	EndGlobalSection
	GlobalSection(SolutionProperties) = preSolution
		HideSolutionNode = FALSE
	EndGlobalSection
	GlobalSection(ExtensibilityGlobals) = postSolution
		SolutionGuid = {0EC21F08-EF22-44C0-A6EC-BB279308EC35}
	EndGlobalSection
EndGlobal
